
Microsoft Visual Studio Solution File, Format Version 12.00
# Visual Studio Version 17
VisualStudioVersion = 17.9.34714.143
MinimumVisualStudioVersion = 10.0.40219.1
Project("{9A19103F-16F7-4668-BE54-9A1E7A4F7556}") = "SISONKE_Invoicing_ASPNET", "SISONKE_Invoicing_ASPNET\SISONKE_Invoicing_ASPNET.csproj", "{D01050C9-BB48-443A-A5EF-8CB9DA9358FB}"
EndProject
Project("{9A19103F-16F7-4668-BE54-9A1E7A4F7556}") = "ASPMVC.xUnitTests", "ASPMVC.xUnitTests\ASPMVC.xUnitTests.csproj", "{5972A2EB-6D3A-4597-9CC2-7695F8D62399}"
EndProject
Global
	GlobalSection(SolutionConfigurationPlatforms) = preSolution
		Debug|Any CPU = Debug|Any CPU
		Release|Any CPU = Release|Any CPU
	EndGlobalSection
	GlobalSection(ProjectConfigurationPlatforms) = postSolution
		{D01050C9-BB48-443A-A5EF-8CB9DA9358FB}.Debug|Any CPU.ActiveCfg = Debug|Any CPU
		{D01050C9-BB48-443A-A5EF-8CB9DA9358FB}.Debug|Any CPU.Build.0 = Debug|Any CPU
		{D01050C9-BB48-443A-A5EF-8CB9DA9358FB}.Release|Any CPU.ActiveCfg = Release|Any CPU
		{D01050C9-BB48-443A-A5EF-8CB9DA9358FB}.Release|Any CPU.Build.0 = Release|Any CPU
		{5972A2EB-6D3A-4597-9CC2-7695F8D62399}.Debug|Any CPU.ActiveCfg = Debug|Any CPU
		{5972A2EB-6D3A-4597-9CC2-7695F8D62399}.Debug|Any CPU.Build.0 = Debug|Any CPU
		{5972A2EB-6D3A-4597-9CC2-7695F8D62399}.Release|Any CPU.ActiveCfg = Release|Any CPU
		{5972A2EB-6D3A-4597-9CC2-7695F8D62399}.Release|Any CPU.Build.0 = Release|Any CPU
	EndGlobalSection
	GlobalSection(SolutionProperties) = preSolution
		HideSolutionNode = FALSE
	EndGlobalSection
	GlobalSection(ExtensibilityGlobals) = postSolution
		SolutionGuid = {AD06A166-26AD-4A7A-A5D0-CE8028E0EE8E}
	EndGlobalSection
EndGlobal
